// !$*UTF8*$!
{
	archiveVersion = 1;
	classes = {
	};
	objectVersion = 46;
	objects = {

/* Begin PBXBuildFile section */
		4F3DFAEC1A12B836006814FF /* main.m in Sources */ = {isa = PBXBuildFile; fileRef = 4F3DFAEB1A12B836006814FF /* main.m */; };
		4F3DFAEF1A12B836006814FF /* AppDelegate.m in Sources */ = {isa = PBXBuildFile; fileRef = 4F3DFAEE1A12B836006814FF /* AppDelegate.m */; };
		4F3DFAF21A12B836006814FF /* Lost_Characters.xcdatamodeld in Sources */ = {isa = PBXBuildFile; fileRef = 4F3DFAF01A12B836006814FF /* Lost_Characters.xcdatamodeld */; };
		4F3DFAF51A12B836006814FF /* RootViewController.m in Sources */ = {isa = PBXBuildFile; fileRef = 4F3DFAF41A12B836006814FF /* RootViewController.m */; };
		4F3DFAF81A12B836006814FF /* Main.storyboard in Resources */ = {isa = PBXBuildFile; fileRef = 4F3DFAF61A12B836006814FF /* Main.storyboard */; };
		4F3DFAFA1A12B836006814FF /* Images.xcassets in Resources */ = {isa = PBXBuildFile; fileRef = 4F3DFAF91A12B836006814FF /* Images.xcassets */; };
		4F3DFAFD1A12B836006814FF /* LaunchScreen.xib in Resources */ = {isa = PBXBuildFile; fileRef = 4F3DFAFB1A12B836006814FF /* LaunchScreen.xib */; };
		4F3DFB091A12B836006814FF /* Lost_CharactersTests.m in Sources */ = {isa = PBXBuildFile; fileRef = 4F3DFB081A12B836006814FF /* Lost_CharactersTests.m */; };
		4F3DFB131A12BA55006814FF /* lost.plist in Resources */ = {isa = PBXBuildFile; fileRef = 4F3DFB121A12BA55006814FF /* lost.plist */; };
		4F3DFB161A12D003006814FF /* EditCharacterViewController.m in Sources */ = {isa = PBXBuildFile; fileRef = 4F3DFB151A12D003006814FF /* EditCharacterViewController.m */; };
/* End PBXBuildFile section */

/* Begin PBXContainerItemProxy section */
		4F3DFB031A12B836006814FF /* PBXContainerItemProxy */ = {
			isa = PBXContainerItemProxy;
			containerPortal = 4F3DFADE1A12B836006814FF /* Project object */;
			proxyType = 1;
			remoteGlobalIDString = 4F3DFAE51A12B836006814FF;
			remoteInfo = "Lost Characters";
		};
/* End PBXContainerItemProxy section */

/* Begin PBXFileReference section */
		4F3DFAE61A12B836006814FF /* Lost Characters.app */ = {isa = PBXFileReference; explicitFileType = wrapper.application; includeInIndex = 0; path = "Lost Characters.app"; sourceTree = BUILT_PRODUCTS_DIR; };
		4F3DFAEA1A12B836006814FF /* Info.plist */ = {isa = PBXFileReference; lastKnownFileType = text.plist.xml; path = Info.plist; sourceTree = "<group>"; };
		4F3DFAEB1A12B836006814FF /* main.m */ = {isa = PBXFileReference; lastKnownFileType = sourcecode.c.objc; path = main.m; sourceTree = "<group>"; };
		4F3DFAED1A12B836006814FF /* AppDelegate.h */ = {isa = PBXFileReference; lastKnownFileType = sourcecode.c.h; path = AppDelegate.h; sourceTree = "<group>"; };
		4F3DFAEE1A12B836006814FF /* AppDelegate.m */ = {isa = PBXFileReference; lastKnownFileType = sourcecode.c.objc; path = AppDelegate.m; sourceTree = "<group>"; };
		4F3DFAF11A12B836006814FF /* Lost_Characters.xcdatamodel */ = {isa = PBXFileReference; lastKnownFileType = wrapper.xcdatamodel; path = Lost_Characters.xcdatamodel; sourceTree = "<group>"; };
		4F3DFAF31A12B836006814FF /* RootViewController.h */ = {isa = PBXFileReference; lastKnownFileType = sourcecode.c.h; path = RootViewController.h; sourceTree = "<group>"; };
		4F3DFAF41A12B836006814FF /* RootViewController.m */ = {isa = PBXFileReference; lastKnownFileType = sourcecode.c.objc; path = RootViewController.m; sourceTree = "<group>"; };
		4F3DFAF71A12B836006814FF /* Base */ = {isa = PBXFileReference; lastKnownFileType = file.storyboard; name = Base; path = Base.lproj/Main.storyboard; sourceTree = "<group>"; };
		4F3DFAF91A12B836006814FF /* Images.xcassets */ = {isa = PBXFileReference; lastKnownFileType = folder.assetcatalog; path = Images.xcassets; sourceTree = "<group>"; };
		4F3DFAFC1A12B836006814FF /* Base */ = {isa = PBXFileReference; lastKnownFileType = file.xib; name = Base; path = Base.lproj/LaunchScreen.xib; sourceTree = "<group>"; };
		4F3DFB021A12B836006814FF /* Lost CharactersTests.xctest */ = {isa = PBXFileReference; explicitFileType = wrapper.cfbundle; includeInIndex = 0; path = "Lost CharactersTests.xctest"; sourceTree = BUILT_PRODUCTS_DIR; };
		4F3DFB071A12B836006814FF /* Info.plist */ = {isa = PBXFileReference; lastKnownFileType = text.plist.xml; path = Info.plist; sourceTree = "<group>"; };
		4F3DFB081A12B836006814FF /* Lost_CharactersTests.m */ = {isa = PBXFileReference; lastKnownFileType = sourcecode.c.objc; path = Lost_CharactersTests.m; sourceTree = "<group>"; };
		4F3DFB121A12BA55006814FF /* lost.plist */ = {isa = PBXFileReference; fileEncoding = 4; lastKnownFileType = text.plist.xml; path = lost.plist; sourceTree = "<group>"; };
		4F3DFB141A12D002006814FF /* EditCharacterViewController.h */ = {isa = PBXFileReference; fileEncoding = 4; lastKnownFileType = sourcecode.c.h; path = EditCharacterViewController.h; sourceTree = "<group>"; };
		4F3DFB151A12D003006814FF /* EditCharacterViewController.m */ = {isa = PBXFileReference; fileEncoding = 4; lastKnownFileType = sourcecode.c.objc; path = EditCharacterViewController.m; sourceTree = "<group>"; };
/* End PBXFileReference section */

/* Begin PBXFrameworksBuildPhase section */
		4F3DFAE31A12B836006814FF /* Frameworks */ = {
			isa = PBXFrameworksBuildPhase;
			buildActionMask = 2147483647;
			files = (
			);
			runOnlyForDeploymentPostprocessing = 0;
		};
		4F3DFAFF1A12B836006814FF /* Frameworks */ = {
			isa = PBXFrameworksBuildPhase;
			buildActionMask = 2147483647;
			files = (
			);
			runOnlyForDeploymentPostprocessing = 0;
		};
/* End PBXFrameworksBuildPhase section */

/* Begin PBXGroup section */
		4F3DFADD1A12B836006814FF = {
			isa = PBXGroup;
			children = (
				4F3DFAE81A12B836006814FF /* Lost Characters */,
				4F3DFB051A12B836006814FF /* Lost CharactersTests */,
				4F3DFAE71A12B836006814FF /* Products */,
			);
			sourceTree = "<group>";
		};
		4F3DFAE71A12B836006814FF /* Products */ = {
			isa = PBXGroup;
			children = (
				4F3DFAE61A12B836006814FF /* Lost Characters.app */,
				4F3DFB021A12B836006814FF /* Lost CharactersTests.xctest */,
			);
			name = Products;
			sourceTree = "<group>";
		};
		4F3DFAE81A12B836006814FF /* Lost Characters */ = {
			isa = PBXGroup;
			children = (
				4F3DFAED1A12B836006814FF /* AppDelegate.h */,
				4F3DFAEE1A12B836006814FF /* AppDelegate.m */,
				4F3DFAF31A12B836006814FF /* RootViewController.h */,
				4F3DFAF41A12B836006814FF /* RootViewController.m */,
				4F3DFB141A12D002006814FF /* EditCharacterViewController.h */,
				4F3DFB151A12D003006814FF /* EditCharacterViewController.m */,
				4F3DFAF61A12B836006814FF /* Main.storyboard */,
				4F3DFAF91A12B836006814FF /* Images.xcassets */,
				4F3DFAFB1A12B836006814FF /* LaunchScreen.xib */,
				4F3DFAF01A12B836006814FF /* Lost_Characters.xcdatamodeld */,
				4F3DFAE91A12B836006814FF /* Supporting Files */,
			);
			path = "Lost Characters";
			sourceTree = "<group>";
		};
		4F3DFAE91A12B836006814FF /* Supporting Files */ = {
			isa = PBXGroup;
			children = (
				4F3DFAEA1A12B836006814FF /* Info.plist */,
				4F3DFB121A12BA55006814FF /* lost.plist */,
				4F3DFAEB1A12B836006814FF /* main.m */,
			);
			name = "Supporting Files";
			sourceTree = "<group>";
		};
		4F3DFB051A12B836006814FF /* Lost CharactersTests */ = {
			isa = PBXGroup;
			children = (
				4F3DFB081A12B836006814FF /* Lost_CharactersTests.m */,
				4F3DFB061A12B836006814FF /* Supporting Files */,
			);
			path = "Lost CharactersTests";
			sourceTree = "<group>";
		};
		4F3DFB061A12B836006814FF /* Supporting Files */ = {
			isa = PBXGroup;
			children = (
				4F3DFB071A12B836006814FF /* Info.plist */,
			);
			name = "Supporting Files";
			sourceTree = "<group>";
		};
/* End PBXGroup section */

/* Begin PBXNativeTarget section */
		4F3DFAE51A12B836006814FF /* Lost Characters */ = {
			isa = PBXNativeTarget;
			buildConfigurationList = 4F3DFB0C1A12B836006814FF /* Build configuration list for PBXNativeTarget "Lost Characters" */;
			buildPhases = (
				4F3DFAE21A12B836006814FF /* Sources */,
				4F3DFAE31A12B836006814FF /* Frameworks */,
				4F3DFAE41A12B836006814FF /* Resources */,
			);
			buildRules = (
			);
			dependencies = (
			);
			name = "Lost Characters";
			productName = "Lost Characters";
			productReference = 4F3DFAE61A12B836006814FF /* Lost Characters.app */;
			productType = "com.apple.product-type.application";
		};
		4F3DFB011A12B836006814FF /* Lost CharactersTests */ = {
			isa = PBXNativeTarget;
			buildConfigurationList = 4F3DFB0F1A12B836006814FF /* Build configuration list for PBXNativeTarget "Lost CharactersTests" */;
			buildPhases = (
				4F3DFAFE1A12B836006814FF /* Sources */,
				4F3DFAFF1A12B836006814FF /* Frameworks */,
				4F3DFB001A12B836006814FF /* Resources */,
			);
			buildRules = (
			);
			dependencies = (
				4F3DFB041A12B836006814FF /* PBXTargetDependency */,
			);
			name = "Lost CharactersTests";
			productName = "Lost CharactersTests";
			productReference = 4F3DFB021A12B836006814FF /* Lost CharactersTests.xctest */;
			productType = "com.apple.product-type.bundle.unit-test";
		};
/* End PBXNativeTarget section */

/* Begin PBXProject section */
		4F3DFADE1A12B836006814FF /* Project object */ = {
			isa = PBXProject;
			attributes = {
				LastUpgradeCheck = 0600;
				ORGANIZATIONNAME = "Christina Gunarto";
				TargetAttributes = {
					4F3DFAE51A12B836006814FF = {
						CreatedOnToolsVersion = 6.0;
					};
					4F3DFB011A12B836006814FF = {
						CreatedOnToolsVersion = 6.0;
						TestTargetID = 4F3DFAE51A12B836006814FF;
					};
				};
			};
			buildConfigurationList = 4F3DFAE11A12B836006814FF /* Build configuration list for PBXProject "Lost Characters" */;
			compatibilityVersion = "Xcode 3.2";
			developmentRegion = English;
			hasScannedForEncodings = 0;
			knownRegions = (
				en,
				Base,
			);
			mainGroup = 4F3DFADD1A12B836006814FF;
			productRefGroup = 4F3DFAE71A12B836006814FF /* Products */;
			projectDirPath = "";
			projectRoot = "";
			targets = (
				4F3DFAE51A12B836006814FF /* Lost Characters */,
				4F3DFB011A12B836006814FF /* Lost CharactersTests */,
			);
		};
/* End PBXProject section */

/* Begin PBXResourcesBuildPhase section */
		4F3DFAE41A12B836006814FF /* Resources */ = {
			isa = PBXResourcesBuildPhase;
			buildActionMask = 2147483647;
			files = (
				4F3DFAF81A12B836006814FF /* Main.storyboard in Resources */,
				4F3DFAFD1A12B836006814FF /* LaunchScreen.xib in Resources */,
				4F3DFB131A12BA55006814FF /* lost.plist in Resources */,
				4F3DFAFA1A12B836006814FF /* Images.xcassets in Resources */,
			);
			runOnlyForDeploymentPostprocessing = 0;
		};
		4F3DFB001A12B836006814FF /* Resources */ = {
			isa = PBXResourcesBuildPhase;
			buildActionMask = 2147483647;
			files = (
			);
			runOnlyForDeploymentPostprocessing = 0;
		};
/* End PBXResourcesBuildPhase section */

/* Begin PBXSourcesBuildPhase section */
		4F3DFAE21A12B836006814FF /* Sources */ = {
			isa = PBXSourcesBuildPhase;
			buildActionMask = 2147483647;
			files = (
				4F3DFAEF1A12B836006814FF /* AppDelegate.m in Sources */,
				4F3DFAF21A12B836006814FF /* Lost_Characters.xcdatamodeld in Sources */,
				4F3DFAF51A12B836006814FF /* RootViewController.m in Sources */,
				4F3DFB161A12D003006814FF /* EditCharacterViewController.m in Sources */,
				4F3DFAEC1A12B836006814FF /* main.m in Sources */,
			);
			runOnlyForDeploymentPostprocessing = 0;
		};
		4F3DFAFE1A12B836006814FF /* Sources */ = {
			isa = PBXSourcesBuildPhase;
			buildActionMask = 2147483647;
			files = (
				4F3DFB091A12B836006814FF /* Lost_CharactersTests.m in Sources */,
			);
			runOnlyForDeploymentPostprocessing = 0;
		};
/* End PBXSourcesBuildPhase section */

/* Begin PBXTargetDependency section */
		4F3DFB041A12B836006814FF /* PBXTargetDependency */ = {
			isa = PBXTargetDependency;
			target = 4F3DFAE51A12B836006814FF /* Lost Characters */;
			targetProxy = 4F3DFB031A12B836006814FF /* PBXContainerItemProxy */;
		};
/* End PBXTargetDependency section */

/* Begin PBXVariantGroup section */
		4F3DFAF61A12B836006814FF /* Main.storyboard */ = {
			isa = PBXVariantGroup;
			children = (
				4F3DFAF71A12B836006814FF /* Base */,
			);
			name = Main.storyboard;
			sourceTree = "<group>";
		};
		4F3DFAFB1A12B836006814FF /* LaunchScreen.xib */ = {
			isa = PBXVariantGroup;
			children = (
				4F3DFAFC1A12B836006814FF /* Base */,
			);
			name = LaunchScreen.xib;
			sourceTree = "<group>";
		};
/* End PBXVariantGroup section */

/* Begin XCBuildConfiguration section */
		4F3DFB0A1A12B836006814FF /* Debug */ = {
			isa = XCBuildConfiguration;
			buildSettings = {
				ALWAYS_SEARCH_USER_PATHS = NO;
				CLANG_CXX_LANGUAGE_STANDARD = "gnu++0x";
				CLANG_CXX_LIBRARY = "libc++";
				CLANG_ENABLE_MODULES = YES;
				CLANG_ENABLE_OBJC_ARC = YES;
				CLANG_WARN_BOOL_CONVERSION = YES;
				CLANG_WARN_CONSTANT_CONVERSION = YES;
				CLANG_WARN_DIRECT_OBJC_ISA_USAGE = YES_ERROR;
				CLANG_WARN_EMPTY_BODY = YES;
				CLANG_WARN_ENUM_CONVERSION = YES;
				CLANG_WARN_INT_CONVERSION = YES;
				CLANG_WARN_OBJC_ROOT_CLASS = YES_ERROR;
				CLANG_WARN_UNREACHABLE_CODE = YES;
				CLANG_WARN__DUPLICATE_METHOD_MATCH = YES;
				"CODE_SIGN_IDENTITY[sdk=iphoneos*]" = "iPhone Developer";
				COPY_PHASE_STRIP = NO;
				ENABLE_STRICT_OBJC_MSGSEND = YES;
				GCC_C_LANGUAGE_STANDARD = gnu99;
				GCC_DYNAMIC_NO_PIC = NO;
				GCC_OPTIMIZATION_LEVEL = 0;
				GCC_PREPROCESSOR_DEFINITIONS = (
					"DEBUG=1",
					"$(inherited)",
				);
				GCC_SYMBOLS_PRIVATE_EXTERN = NO;
				GCC_WARN_64_TO_32_BIT_CONVERSION = YES;
				GCC_WARN_ABOUT_RETURN_TYPE = YES_ERROR;
				GCC_WARN_UNDECLARED_SELECTOR = YES;
				GCC_WARN_UNINITIALIZED_AUTOS = YES_AGGRESSIVE;
				GCC_WARN_UNUSED_FUNCTION = YES;
				GCC_WARN_UNUSED_VARIABLE = YES;
				IPHONEOS_DEPLOYMENT_TARGET = 8.0;
				MTL_ENABLE_DEBUG_INFO = YES;
				ONLY_ACTIVE_ARCH = YES;
				SDKROOT = iphoneos;
			};
			name = Debug;
		};
		4F3DFB0B1A12B836006814FF /* Release */ = {
			isa = XCBuildConfiguration;
			buildSettings = {
				ALWAYS_SEARCH_USER_PATHS = NO;
				CLANG_CXX_LANGUAGE_STANDARD = "gnu++0x";
				CLANG_CXX_LIBRARY = "libc++";
				CLANG_ENABLE_MODULES = YES;
				CLANG_ENABLE_OBJC_ARC = YES;
				CLANG_WARN_BOOL_CONVERSION = YES;
				CLANG_WARN_CONSTANT_CONVERSION = YES;
				CLANG_WARN_DIRECT_OBJC_ISA_USAGE = YES_ERROR;
				CLANG_WARN_EMPTY_BODY = YES;
				CLANG_WARN_ENUM_CONVERSION = YES;
				CLANG_WARN_INT_CONVERSION = YES;
				CLANG_WARN_OBJC_ROOT_CLASS = YES_ERROR;
				CLANG_WARN_UNREACHABLE_CODE = YES;
				CLANG_WARN__DUPLICATE_METHOD_MATCH = YES;
				"CODE_SIGN_IDENTITY[sdk=iphoneos*]" = "iPhone Developer";
				COPY_PHASE_STRIP = YES;
				ENABLE_NS_ASSERTIONS = NO;
				ENABLE_STRICT_OBJC_MSGSEND = YES;
				GCC_C_LANGUAGE_STANDARD = gnu99;
				GCC_WARN_64_TO_32_BIT_CONVERSION = YES;
				GCC_WARN_ABOUT_RETURN_TYPE = YES_ERROR;
				GCC_WARN_UNDECLARED_SELECTOR = YES;
				GCC_WARN_UNINITIALIZED_AUTOS = YES_AGGRESSIVE;
				GCC_WARN_UNUSED_FUNCTION = YES;
				GCC_WARN_UNUSED_VARIABLE = YES;
				IPHONEOS_DEPLOYMENT_TARGET = 8.0;
				MTL_ENABLE_DEBUG_INFO = NO;
				SDKROOT = iphoneos;
				VALIDATE_PRODUCT = YES;
			};
			name = Release;
		};
		4F3DFB0D1A12B836006814FF /* Debug */ = {
			isa = XCBuildConfiguration;
			buildSettings = {
				ASSETCATALOG_COMPILER_APPICON_NAME = AppIcon;
				INFOPLIST_FILE = "Lost Characters/Info.plist";
				LD_RUNPATH_SEARCH_PATHS = "$(inherited) @executable_path/Frameworks";
				PRODUCT_NAME = "$(TARGET_NAME)";
			};
			name = Debug;
		};
		4F3DFB0E1A12B836006814FF /* Release */ = {
			isa = XCBuildConfiguration;
			buildSettings = {
				ASSETCATALOG_COMPILER_APPICON_NAME = AppIcon;
				INFOPLIST_FILE = "Lost Characters/Info.plist";
				LD_RUNPATH_SEARCH_PATHS = "$(inherited) @executable_path/Frameworks";
				PRODUCT_NAME = "$(TARGET_NAME)";
			};
			name = Release;
		};
		4F3DFB101A12B836006814FF /* Debug */ = {
			isa = XCBuildConfiguration;
			buildSettings = {
				BUNDLE_LOADER = "$(TEST_HOST)";
				FRAMEWORK_SEARCH_PATHS = (
					"$(SDKROOT)/Developer/Library/Frameworks",
					"$(inherited)",
				);
				GCC_PREPROCESSOR_DEFINITIONS = (
					"DEBUG=1",
					"$(inherited)",
				);
				INFOPLIST_FILE = "Lost CharactersTests/Info.plist";
				LD_RUNPATH_SEARCH_PATHS = "$(inherited) @executable_path/Frameworks @loader_path/Frameworks";
				PRODUCT_NAME = "$(TARGET_NAME)";
				TEST_HOST = "$(BUILT_PRODUCTS_DIR)/Lost Characters.app/Lost Characters";
			};
			name = Debug;
		};
		4F3DFB111A12B836006814FF /* Release */ = {
			isa = XCBuildConfiguration;
			buildSettings = {
				BUNDLE_LOADER = "$(TEST_HOST)";
				FRAMEWORK_SEARCH_PATHS = (
					"$(SDKROOT)/Developer/Library/Frameworks",
					"$(inherited)",
				);
				INFOPLIST_FILE = "Lost CharactersTests/Info.plist";
				LD_RUNPATH_SEARCH_PATHS = "$(inherited) @executable_path/Frameworks @loader_path/Frameworks";
				PRODUCT_NAME = "$(TARGET_NAME)";
				TEST_HOST = "$(BUILT_PRODUCTS_DIR)/Lost Characters.app/Lost Characters";
			};
			name = Release;
		};
/* End XCBuildConfiguration section */

/* Begin XCConfigurationList section */
		4F3DFAE11A12B836006814FF /* Build configuration list for PBXProject "Lost Characters" */ = {
			isa = XCConfigurationList;
			buildConfigurations = (
				4F3DFB0A1A12B836006814FF /* Debug */,
				4F3DFB0B1A12B836006814FF /* Release */,
			);
			defaultConfigurationIsVisible = 0;
			defaultConfigurationName = Release;
		};
		4F3DFB0C1A12B836006814FF /* Build configuration list for PBXNativeTarget "Lost Characters" */ = {
			isa = XCConfigurationList;
			buildConfigurations = (
				4F3DFB0D1A12B836006814FF /* Debug */,
				4F3DFB0E1A12B836006814FF /* Release */,
			);
			defaultConfigurationIsVisible = 0;
		};
		4F3DFB0F1A12B836006814FF /* Build configuration list for PBXNativeTarget "Lost CharactersTests" */ = {
			isa = XCConfigurationList;
			buildConfigurations = (
				4F3DFB101A12B836006814FF /* Debug */,
				4F3DFB111A12B836006814FF /* Release */,
			);
			defaultConfigurationIsVisible = 0;
		};
/* End XCConfigurationList section */

/* Begin XCVersionGroup section */
		4F3DFAF01A12B836006814FF /* Lost_Characters.xcdatamodeld */ = {
			isa = XCVersionGroup;
			children = (
				4F3DFAF11A12B836006814FF /* Lost_Characters.xcdatamodel */,
			);
			currentVersion = 4F3DFAF11A12B836006814FF /* Lost_Characters.xcdatamodel */;
			path = Lost_Characters.xcdatamodeld;
			sourceTree = "<group>";
			versionGroupType = wrapper.xcdatamodel;
		};
/* End XCVersionGroup section */
	};
	rootObject = 4F3DFADE1A12B836006814FF /* Project object */;
}
